apiVersion: v1
kind: PersistentVolume
metadata:
  name: pv-local-block
spec:
  capacity:
    storage: 100Gi
  volumeMode: Block
  accessModes:
  - ReadWriteOnce
  persistentVolumeReclaimPolicy: Retain
  storageClassName: local-storage
  local:
    path: /dev/sdc
  nodeAffinity:
    required:
      nodeSelectorTerms:
      - matchExpressions:
        - key: kubernetes.io/hostname
          operator: In
          values:
          - k8s-agentpool-66825246-0
